<?xml version="1.0" encoding="utf-8"?>
<Project ToolsVersion="4.0" xmlns="http://schemas.microsoft.com/developer/msbuild/2003">
  <ItemGroup>
    <Filter Include="Hwan">
      <UniqueIdentifier>{a0c3a782-7863-4c68-9461-86297df3e691}</UniqueIdentifier>
    </Filter>
    <Filter Include="JJK">
      <UniqueIdentifier>{50c4c518-4f41-443c-b8f8-477b5ba82825}</UniqueIdentifier>
    </Filter>
    <Filter Include="Public">
      <UniqueIdentifier>{0b71b3ed-ce52-42f8-ae58-78b2b5f736f6}</UniqueIdentifier>
    </Filter>
    <Filter Include="Hwan\01. Core">
      <UniqueIdentifier>{ff47ebd8-4400-4b28-9d44-4524b50558df}</UniqueIdentifier>
    </Filter>
    <Filter Include="Hwan\02. Manager">
      <UniqueIdentifier>{44db6d3a-e23e-4a1f-a6c4-6caf53ec2c2b}</UniqueIdentifier>
    </Filter>
    <Filter Include="Hwan\03. Actor">
      <UniqueIdentifier>{fc0ba9e9-fc03-40d4-87d6-4a435052ecd5}</UniqueIdentifier>
    </Filter>
    <Filter Include="Hwan\04. Scene">
      <UniqueIdentifier>{fdc62b4c-fa90-4d5c-9ba8-3ff970fd5a39}</UniqueIdentifier>
    </Filter>
    <Filter Include="Hwan\05. Map">
      <UniqueIdentifier>{4d486e74-7a03-4b62-902b-bfec43a47e08}</UniqueIdentifier>
    </Filter>
    <Filter Include="Hwan\06. Module">
      <UniqueIdentifier>{5e9ab0b0-429b-4776-be79-8473eb79d955}</UniqueIdentifier>
    </Filter>
    <Filter Include="Hwan\99. Headers">
      <UniqueIdentifier>{0c95b7ae-d639-4037-a7a7-e84e6533e080}</UniqueIdentifier>
    </Filter>
    <Filter Include="Hwan\03. Actor\Interface">
      <UniqueIdentifier>{f1c5df64-258f-415e-8aaf-70e1972ca0d6}</UniqueIdentifier>
    </Filter>
    <Filter Include="JJK\Rigidbody">
      <UniqueIdentifier>{7e1c151f-7a81-46a3-a918-65eaa8550fa5}</UniqueIdentifier>
    </Filter>
    <Filter Include="JJK\Collider">
      <UniqueIdentifier>{b2d3e4f5-1a2b-3c4d-5e6f-7a8b9c0d1e2f}</UniqueIdentifier>
    </Filter>
    <Filter Include="JJK\01. Core">
      <UniqueIdentifier>{c3d4e5f6-2b3c-4d5e-6f7a-8b9c0d1e2f3a}</UniqueIdentifier>
    </Filter>
    <Filter Include="Hwan\06. Module\Command">
      <UniqueIdentifier>{973d1ea0-64e6-4ef7-ad07-1e21bf4a6a70}</UniqueIdentifier>
    </Filter>
  </ItemGroup>
  <ItemGroup>
    <ClCompile Include="Console.cpp">
      <Filter>Public</Filter>
    </ClCompile>
    <ClCompile Include="Core.cpp">
      <Filter>Hwan\01. Core</Filter>
    </ClCompile>
    <ClCompile Include="GameScene.cpp">
      <Filter>Hwan\04. Scene</Filter>
    </ClCompile>
    <ClCompile Include="Scene.cpp">
      <Filter>Hwan\04. Scene</Filter>
    </ClCompile>
    <ClCompile Include="TitleScene.cpp">
      <Filter>Hwan\04. Scene</Filter>
    </ClCompile>
    <ClCompile Include="SceneManager.cpp">
      <Filter>Hwan\02. Manager</Filter>
    </ClCompile>
    <ClCompile Include="Actor.cpp">
      <Filter>Hwan\03. Actor</Filter>
    </ClCompile>
    <ClCompile Include="main.cpp">
      <Filter>Hwan\01. Core</Filter>
    </ClCompile>
    <ClCompile Include="IPhysicsable.cpp">
      <Filter>Hwan\03. Actor\Interface</Filter>
    </ClCompile>
    <ClCompile Include="Pawn.cpp">
      <Filter>Hwan\03. Actor</Filter>
    </ClCompile>
    <ClCompile Include="GameMap.cpp">
      <Filter>Hwan\05. Map</Filter>
    </ClCompile>
    <ClCompile Include="MapGenerator.cpp">
      <Filter>Hwan\05. Map</Filter>
    </ClCompile>
    <ClCompile Include="DefaultMapGenerator.cpp">
      <Filter>Hwan\05. Map</Filter>
    </ClCompile>
    <ClCompile Include="Rigidbody.cpp">
      <Filter>JJK\Rigidbody</Filter>
    </ClCompile>
    <ClCompile Include="Collider.cpp">
      <Filter>JJK\Collider</Filter>
    </ClCompile>
    <ClCompile Include="ColliderManager.cpp">
      <Filter>JJK\Collider</Filter>
    </ClCompile>
    <ClCompile Include="JJK_Main.cpp">
      <Filter>JJK\01. Core</Filter>
    </ClCompile>
    <ClCompile Include="ICommand.cpp">
      <Filter>Hwan\06. Module\Command</Filter>
    </ClCompile>
    <ClCompile Include="InputHandler.cpp">
      <Filter>Hwan\06. Module\Command</Filter>
    </ClCompile>
    <ClCompile Include="VelocityCommand.cpp">
      <Filter>Hwan\06. Module\Command</Filter>
    </ClCompile>
    <ClCompile Include="Enemy.cpp">
      <Filter>Hwan\03. Actor</Filter>
    </ClCompile>
    <ClCompile Include="Player.cpp">
      <Filter>Hwan\03. Actor</Filter>
    </ClCompile>
    <ClCompile Include="EnemyManager.cpp">
      <Filter>Hwan\02. Manager</Filter>
    </ClCompile>
    <ClCompile Include="CommandPool.cpp">
      <Filter>Hwan\06. Module\Command</Filter>
    </ClCompile>
  </ItemGroup>
  <ItemGroup>
    <ClInclude Include="Console.h">
      <Filter>Public</Filter>
    </ClInclude>
    <ClInclude Include="Core.h">
      <Filter>Hwan\01. Core</Filter>
    </ClInclude>
    <ClInclude Include="Defines.h">
      <Filter>Hwan\99. Headers</Filter>
    </ClInclude>
    <ClInclude Include="GameScene.h">
      <Filter>Hwan\04. Scene</Filter>
    </ClInclude>
    <ClInclude Include="Scene.h">
      <Filter>Hwan\04. Scene</Filter>
    </ClInclude>
    <ClInclude Include="TitleScene.h">
      <Filter>Hwan\04. Scene</Filter>
    </ClInclude>
    <ClInclude Include="SceneManager.h">
      <Filter>Hwan\02. Manager</Filter>
    </ClInclude>
    <ClInclude Include="Vector2.h">
      <Filter>Hwan\99. Headers</Filter>
    </ClInclude>
    <ClInclude Include="Actor.h">
      <Filter>Hwan\03. Actor</Filter>
    </ClInclude>
    <ClInclude Include="Utils.h">
      <Filter>Hwan\99. Headers</Filter>
    </ClInclude>
    <ClInclude Include="IPhysicsable.h">
      <Filter>Hwan\03. Actor\Interface</Filter>
    </ClInclude>
    <ClInclude Include="Pawn.h">
      <Filter>Hwan\03. Actor</Filter>
    </ClInclude>
    <ClInclude Include="Player.h">
      <Filter>Hwan\03. Actor</Filter>
    </ClInclude>
    <ClInclude Include="Enums.h">
      <Filter>Hwan\99. Headers</Filter>
    </ClInclude>
    <ClInclude Include="GameMap.h">
      <Filter>Hwan\05. Map</Filter>
    </ClInclude>
    <ClInclude Include="MapGenerator.h">
      <Filter>Hwan\05. Map</Filter>
    </ClInclude>
    <ClInclude Include="Tile.h">
      <Filter>Hwan\05. Map</Filter>
    </ClInclude>
    <ClInclude Include="DefaultMapGenerator.h">
      <Filter>Hwan\05. Map</Filter>
    </ClInclude>
    <ClInclude Include="Types.h">
      <Filter>Hwan\99. Headers</Filter>
    </ClInclude>
    <ClInclude Include="Rigidbody.h">
      <Filter>JJK\Rigidbody</Filter>
    </ClInclude>
    <ClInclude Include="Collider.h">
      <Filter>JJK\Collider</Filter>
    </ClInclude>
    <ClInclude Include="ColliderManager.h">
      <Filter>JJK\Collider</Filter>
    </ClInclude>
    <ClInclude Include="ICommand.h">
      <Filter>Hwan\06. Module\Command</Filter>
    </ClInclude>
    <ClInclude Include="InputHandler.h">
      <Filter>Hwan\06. Module\Command</Filter>
    </ClInclude>
    <ClInclude Include="VelocityCommand.h">
      <Filter>Hwan\06. Module\Command</Filter>
    </ClInclude>
    <ClInclude Include="Enemy.h">
      <Filter>Hwan\03. Actor</Filter>
    </ClInclude>
    <ClInclude Include="EnemyManager.h">
      <Filter>Hwan\02. Manager</Filter>
    </ClInclude>
    <ClInclude Include="CommandPool.h">
      <Filter>Hwan\06. Module\Command</Filter>
    </ClInclude>
  </ItemGroup>
</Project>